
Microsoft Visual Studio Solution File, Format Version 11.00
# Visual Studio 2010
Project("{8BC9CEB8-8B4A-11D0-8D11-00A0C91BC942}") = "SignObjectsDetection", "SignObjectsDetection\SignObjectsDetection.vcxproj", "{7A25E0F8-F1D2-4379-8654-D043CC1847DD}"
EndProject
Global
	GlobalSection(SolutionConfigurationPlatforms) = preSolution
		Debug|Win32 = Debug|Win32
		Release|Win32 = Release|Win32
	EndGlobalSection
	GlobalSection(ProjectConfigurationPlatforms) = postSolution
		{7A25E0F8-F1D2-4379-8654-D043CC1847DD}.Debug|Win32.ActiveCfg = Debug|Win32
		{7A25E0F8-F1D2-4379-8654-D043CC1847DD}.Debug|Win32.Build.0 = Debug|Win32
		{7A25E0F8-F1D2-4379-8654-D043CC1847DD}.Release|Win32.ActiveCfg = Release|Win32
		{7A25E0F8-F1D2-4379-8654-D043CC1847DD}.Release|Win32.Build.0 = Release|Win32
	EndGlobalSection
	GlobalSection(SolutionProperties) = preSolution
		HideSolutionNode = FALSE
	EndGlobalSection
EndGlobal
